// !$*UTF8*$!
{
	archiveVersion = 1;
	classes = {
	};
	objectVersion = 55;
	objects = {

/* Begin PBXBuildFile section */
		2C33B35C28D795070095D5CC /* AppDelegate.swift in Sources */ = {isa = PBXBuildFile; fileRef = 2C33B35B28D795070095D5CC /* AppDelegate.swift */; };
		2C33B35E28D795070095D5CC /* SceneDelegate.swift in Sources */ = {isa = PBXBuildFile; fileRef = 2C33B35D28D795070095D5CC /* SceneDelegate.swift */; };
		2C33B36028D795070095D5CC /* ViewController.swift in Sources */ = {isa = PBXBuildFile; fileRef = 2C33B35F28D795070095D5CC /* ViewController.swift */; };
		2C33B36328D795070095D5CC /* Main.storyboard in Resources */ = {isa = PBXBuildFile; fileRef = 2C33B36128D795070095D5CC /* Main.storyboard */; };
		2C33B36528D795090095D5CC /* Assets.xcassets in Resources */ = {isa = PBXBuildFile; fileRef = 2C33B36428D795090095D5CC /* Assets.xcassets */; };
		2C33B36828D795090095D5CC /* LaunchScreen.storyboard in Resources */ = {isa = PBXBuildFile; fileRef = 2C33B36628D795090095D5CC /* LaunchScreen.storyboard */; };
		2C33B37328D795090095D5CC /* MenusPart2Tests.swift in Sources */ = {isa = PBXBuildFile; fileRef = 2C33B37228D795090095D5CC /* MenusPart2Tests.swift */; };
		2C33B37D28D795090095D5CC /* MenusPart2UITests.swift in Sources */ = {isa = PBXBuildFile; fileRef = 2C33B37C28D795090095D5CC /* MenusPart2UITests.swift */; };
		2C33B37F28D795090095D5CC /* MenusPart2UITestsLaunchTests.swift in Sources */ = {isa = PBXBuildFile; fileRef = 2C33B37E28D795090095D5CC /* MenusPart2UITestsLaunchTests.swift */; };
		2C33B38C28D7BA0D0095D5CC /* save.png in Resources */ = {isa = PBXBuildFile; fileRef = 2C33B38B28D7BA0D0095D5CC /* save.png */; };
/* End PBXBuildFile section */

/* Begin PBXContainerItemProxy section */
		2C33B36F28D795090095D5CC /* PBXContainerItemProxy */ = {
			isa = PBXContainerItemProxy;
			containerPortal = 2C33B35028D795070095D5CC /* Project object */;
			proxyType = 1;
			remoteGlobalIDString = 2C33B35728D795070095D5CC;
			remoteInfo = MenusPart2;
		};
		2C33B37928D795090095D5CC /* PBXContainerItemProxy */ = {
			isa = PBXContainerItemProxy;
			containerPortal = 2C33B35028D795070095D5CC /* Project object */;
			proxyType = 1;
			remoteGlobalIDString = 2C33B35728D795070095D5CC;
			remoteInfo = MenusPart2;
		};
/* End PBXContainerItemProxy section */

/* Begin PBXFileReference section */
		2C33B35828D795070095D5CC /* MenusPart2.app */ = {isa = PBXFileReference; explicitFileType = wrapper.application; includeInIndex = 0; path = MenusPart2.app; sourceTree = BUILT_PRODUCTS_DIR; };
		2C33B35B28D795070095D5CC /* AppDelegate.swift */ = {isa = PBXFileReference; lastKnownFileType = sourcecode.swift; path = AppDelegate.swift; sourceTree = "<group>"; };
		2C33B35D28D795070095D5CC /* SceneDelegate.swift */ = {isa = PBXFileReference; lastKnownFileType = sourcecode.swift; path = SceneDelegate.swift; sourceTree = "<group>"; };
		2C33B35F28D795070095D5CC /* ViewController.swift */ = {isa = PBXFileReference; lastKnownFileType = sourcecode.swift; path = ViewController.swift; sourceTree = "<group>"; };
		2C33B36228D795070095D5CC /* Base */ = {isa = PBXFileReference; lastKnownFileType = file.storyboard; name = Base; path = Base.lproj/Main.storyboard; sourceTree = "<group>"; };
		2C33B36428D795090095D5CC /* Assets.xcassets */ = {isa = PBXFileReference; lastKnownFileType = folder.assetcatalog; path = Assets.xcassets; sourceTree = "<group>"; };
		2C33B36728D795090095D5CC /* Base */ = {isa = PBXFileReference; lastKnownFileType = file.storyboard; name = Base; path = Base.lproj/LaunchScreen.storyboard; sourceTree = "<group>"; };
		2C33B36928D795090095D5CC /* Info.plist */ = {isa = PBXFileReference; lastKnownFileType = text.plist.xml; path = Info.plist; sourceTree = "<group>"; };
		2C33B36E28D795090095D5CC /* MenusPart2Tests.xctest */ = {isa = PBXFileReference; explicitFileType = wrapper.cfbundle; includeInIndex = 0; path = MenusPart2Tests.xctest; sourceTree = BUILT_PRODUCTS_DIR; };
		2C33B37228D795090095D5CC /* MenusPart2Tests.swift */ = {isa = PBXFileReference; lastKnownFileType = sourcecode.swift; path = MenusPart2Tests.swift; sourceTree = "<group>"; };
		2C33B37828D795090095D5CC /* MenusPart2UITests.xctest */ = {isa = PBXFileReference; explicitFileType = wrapper.cfbundle; includeInIndex = 0; path = MenusPart2UITests.xctest; sourceTree = BUILT_PRODUCTS_DIR; };
		2C33B37C28D795090095D5CC /* MenusPart2UITests.swift */ = {isa = PBXFileReference; lastKnownFileType = sourcecode.swift; path = MenusPart2UITests.swift; sourceTree = "<group>"; };
		2C33B37E28D795090095D5CC /* MenusPart2UITestsLaunchTests.swift */ = {isa = PBXFileReference; lastKnownFileType = sourcecode.swift; path = MenusPart2UITestsLaunchTests.swift; sourceTree = "<group>"; };
		2C33B38B28D7BA0D0095D5CC /* save.png */ = {isa = PBXFileReference; lastKnownFileType = image.png; path = save.png; sourceTree = "<group>"; };
/* End PBXFileReference section */

/* Begin PBXFrameworksBuildPhase section */
		2C33B35528D795070095D5CC /* Frameworks */ = {
			isa = PBXFrameworksBuildPhase;
			buildActionMask = 2147483647;
			files = (
			);
			runOnlyForDeploymentPostprocessing = 0;
		};
		2C33B36B28D795090095D5CC /* Frameworks */ = {
			isa = PBXFrameworksBuildPhase;
			buildActionMask = 2147483647;
			files = (
			);
			runOnlyForDeploymentPostprocessing = 0;
		};
		2C33B37528D795090095D5CC /* Frameworks */ = {
			isa = PBXFrameworksBuildPhase;
			buildActionMask = 2147483647;
			files = (
			);
			runOnlyForDeploymentPostprocessing = 0;
		};
/* End PBXFrameworksBuildPhase section */

/* Begin PBXGroup section */
		2C33B34F28D795070095D5CC = {
			isa = PBXGroup;
			children = (
				2C33B35A28D795070095D5CC /* MenusPart2 */,
				2C33B37128D795090095D5CC /* MenusPart2Tests */,
				2C33B37B28D795090095D5CC /* MenusPart2UITests */,
				2C33B35928D795070095D5CC /* Products */,
			);
			sourceTree = "<group>";
		};
		2C33B35928D795070095D5CC /* Products */ = {
			isa = PBXGroup;
			children = (
				2C33B35828D795070095D5CC /* MenusPart2.app */,
				2C33B36E28D795090095D5CC /* MenusPart2Tests.xctest */,
				2C33B37828D795090095D5CC /* MenusPart2UITests.xctest */,
			);
			name = Products;
			sourceTree = "<group>";
		};
		2C33B35A28D795070095D5CC /* MenusPart2 */ = {
			isa = PBXGroup;
			children = (
				2C33B35B28D795070095D5CC /* AppDelegate.swift */,
				2C33B35D28D795070095D5CC /* SceneDelegate.swift */,
				2C33B35F28D795070095D5CC /* ViewController.swift */,
				2C33B36128D795070095D5CC /* Main.storyboard */,
				2C33B36428D795090095D5CC /* Assets.xcassets */,
				2C33B38B28D7BA0D0095D5CC /* save.png */,
				2C33B36628D795090095D5CC /* LaunchScreen.storyboard */,
				2C33B36928D795090095D5CC /* Info.plist */,
			);
			path = MenusPart2;
			sourceTree = "<group>";
		};
		2C33B37128D795090095D5CC /* MenusPart2Tests */ = {
			isa = PBXGroup;
			children = (
				2C33B37228D795090095D5CC /* MenusPart2Tests.swift */,
			);
			path = MenusPart2Tests;
			sourceTree = "<group>";
		};
		2C33B37B28D795090095D5CC /* MenusPart2UITests */ = {
			isa = PBXGroup;
			children = (
				2C33B37C28D795090095D5CC /* MenusPart2UITests.swift */,
				2C33B37E28D795090095D5CC /* MenusPart2UITestsLaunchTests.swift */,
			);
			path = MenusPart2UITests;
			sourceTree = "<group>";
		};
/* End PBXGroup section */

/* Begin PBXNativeTarget section */
		2C33B35728D795070095D5CC /* MenusPart2 */ = {
			isa = PBXNativeTarget;
			buildConfigurationList = 2C33B38228D795090095D5CC /* Build configuration list for PBXNativeTarget "MenusPart2" */;
			buildPhases = (
				2C33B35428D795070095D5CC /* Sources */,
				2C33B35528D795070095D5CC /* Frameworks */,
				2C33B35628D795070095D5CC /* Resources */,
			);
			buildRules = (
			);
			dependencies = (
			);
			name = MenusPart2;
			productName = MenusPart2;
			productReference = 2C33B35828D795070095D5CC /* MenusPart2.app */;
			productType = "com.apple.product-type.application";
		};
		2C33B36D28D795090095D5CC /* MenusPart2Tests */ = {
			isa = PBXNativeTarget;
			buildConfigurationList = 2C33B38528D795090095D5CC /* Build configuration list for PBXNativeTarget "MenusPart2Tests" */;
			buildPhases = (
				2C33B36A28D795090095D5CC /* Sources */,
				2C33B36B28D795090095D5CC /* Frameworks */,
				2C33B36C28D795090095D5CC /* Resources */,
			);
			buildRules = (
			);
			dependencies = (
				2C33B37028D795090095D5CC /* PBXTargetDependency */,
			);
			name = MenusPart2Tests;
			productName = MenusPart2Tests;
			productReference = 2C33B36E28D795090095D5CC /* MenusPart2Tests.xctest */;
			productType = "com.apple.product-type.bundle.unit-test";
		};
		2C33B37728D795090095D5CC /* MenusPart2UITests */ = {
			isa = PBXNativeTarget;
			buildConfigurationList = 2C33B38828D795090095D5CC /* Build configuration list for PBXNativeTarget "MenusPart2UITests" */;
			buildPhases = (
				2C33B37428D795090095D5CC /* Sources */,
				2C33B37528D795090095D5CC /* Frameworks */,
				2C33B37628D795090095D5CC /* Resources */,
			);
			buildRules = (
			);
			dependencies = (
				2C33B37A28D795090095D5CC /* PBXTargetDependency */,
			);
			name = MenusPart2UITests;
			productName = MenusPart2UITests;
			productReference = 2C33B37828D795090095D5CC /* MenusPart2UITests.xctest */;
			productType = "com.apple.product-type.bundle.ui-testing";
		};
/* End PBXNativeTarget section */

/* Begin PBXProject section */
		2C33B35028D795070095D5CC /* Project object */ = {
			isa = PBXProject;
			attributes = {
				BuildIndependentTargetsInParallel = 1;
				LastSwiftUpdateCheck = 1340;
				LastUpgradeCheck = 1340;
				TargetAttributes = {
					2C33B35728D795070095D5CC = {
						CreatedOnToolsVersion = 13.4.1;
					};
					2C33B36D28D795090095D5CC = {
						CreatedOnToolsVersion = 13.4.1;
						TestTargetID = 2C33B35728D795070095D5CC;
					};
					2C33B37728D795090095D5CC = {
						CreatedOnToolsVersion = 13.4.1;
						TestTargetID = 2C33B35728D795070095D5CC;
					};
				};
			};
			buildConfigurationList = 2C33B35328D795070095D5CC /* Build configuration list for PBXProject "MenusPart2" */;
			compatibilityVersion = "Xcode 13.0";
			developmentRegion = en;
			hasScannedForEncodings = 0;
			knownRegions = (
				en,
				Base,
			);
			mainGroup = 2C33B34F28D795070095D5CC;
			productRefGroup = 2C33B35928D795070095D5CC /* Products */;
			projectDirPath = "";
			projectRoot = "";
			targets = (
				2C33B35728D795070095D5CC /* MenusPart2 */,
				2C33B36D28D795090095D5CC /* MenusPart2Tests */,
				2C33B37728D795090095D5CC /* MenusPart2UITests */,
			);
		};
/* End PBXProject section */

/* Begin PBXResourcesBuildPhase section */
		2C33B35628D795070095D5CC /* Resources */ = {
			isa = PBXResourcesBuildPhase;
			buildActionMask = 2147483647;
			files = (
				2C33B36828D795090095D5CC /* LaunchScreen.storyboard in Resources */,
				2C33B36528D795090095D5CC /* Assets.xcassets in Resources */,
				2C33B38C28D7BA0D0095D5CC /* save.png in Resources */,
				2C33B36328D795070095D5CC /* Main.storyboard in Resources */,
			);
			runOnlyForDeploymentPostprocessing = 0;
		};
		2C33B36C28D795090095D5CC /* Resources */ = {
			isa = PBXResourcesBuildPhase;
			buildActionMask = 2147483647;
			files = (
			);
			runOnlyForDeploymentPostprocessing = 0;
		};
		2C33B37628D795090095D5CC /* Resources */ = {
			isa = PBXResourcesBuildPhase;
			buildActionMask = 2147483647;
			files = (
			);
			runOnlyForDeploymentPostprocessing = 0;
		};
/* End PBXResourcesBuildPhase section */

/* Begin PBXSourcesBuildPhase section */
		2C33B35428D795070095D5CC /* Sources */ = {
			isa = PBXSourcesBuildPhase;
			buildActionMask = 2147483647;
			files = (
				2C33B36028D795070095D5CC /* ViewController.swift in Sources */,
				2C33B35C28D795070095D5CC /* AppDelegate.swift in Sources */,
				2C33B35E28D795070095D5CC /* SceneDelegate.swift in Sources */,
			);
			runOnlyForDeploymentPostprocessing = 0;
		};
		2C33B36A28D795090095D5CC /* Sources */ = {
			isa = PBXSourcesBuildPhase;
			buildActionMask = 2147483647;
			files = (
				2C33B37328D795090095D5CC /* MenusPart2Tests.swift in Sources */,
			);
			runOnlyForDeploymentPostprocessing = 0;
		};
		2C33B37428D795090095D5CC /* Sources */ = {
			isa = PBXSourcesBuildPhase;
			buildActionMask = 2147483647;
			files = (
				2C33B37D28D795090095D5CC /* MenusPart2UITests.swift in Sources */,
				2C33B37F28D795090095D5CC /* MenusPart2UITestsLaunchTests.swift in Sources */,
			);
			runOnlyForDeploymentPostprocessing = 0;
		};
/* End PBXSourcesBuildPhase section */

/* Begin PBXTargetDependency section */
		2C33B37028D795090095D5CC /* PBXTargetDependency */ = {
			isa = PBXTargetDependency;
			target = 2C33B35728D795070095D5CC /* MenusPart2 */;
			targetProxy = 2C33B36F28D795090095D5CC /* PBXContainerItemProxy */;
		};
		2C33B37A28D795090095D5CC /* PBXTargetDependency */ = {
			isa = PBXTargetDependency;
			target = 2C33B35728D795070095D5CC /* MenusPart2 */;
			targetProxy = 2C33B37928D795090095D5CC /* PBXContainerItemProxy */;
		};
/* End PBXTargetDependency section */

/* Begin PBXVariantGroup section */
		2C33B36128D795070095D5CC /* Main.storyboard */ = {
			isa = PBXVariantGroup;
			children = (
				2C33B36228D795070095D5CC /* Base */,
			);
			name = Main.storyboard;
			sourceTree = "<group>";
		};
		2C33B36628D795090095D5CC /* LaunchScreen.storyboard */ = {
			isa = PBXVariantGroup;
			children = (
				2C33B36728D795090095D5CC /* Base */,
			);
			name = LaunchScreen.storyboard;
			sourceTree = "<group>";
		};
/* End PBXVariantGroup section */

/* Begin XCBuildConfiguration section */
		2C33B38028D795090095D5CC /* Debug */ = {
			isa = XCBuildConfiguration;
			buildSettings = {
				ALWAYS_SEARCH_USER_PATHS = NO;
				CLANG_ANALYZER_NONNULL = YES;
				CLANG_ANALYZER_NUMBER_OBJECT_CONVERSION = YES_AGGRESSIVE;
				CLANG_CXX_LANGUAGE_STANDARD = "gnu++17";
				CLANG_ENABLE_MODULES = YES;
				CLANG_ENABLE_OBJC_ARC = YES;
				CLANG_ENABLE_OBJC_WEAK = YES;
				CLANG_WARN_BLOCK_CAPTURE_AUTORELEASING = YES;
				CLANG_WARN_BOOL_CONVERSION = YES;
				CLANG_WARN_COMMA = YES;
				CLANG_WARN_CONSTANT_CONVERSION = YES;
				CLANG_WARN_DEPRECATED_OBJC_IMPLEMENTATIONS = YES;
				CLANG_WARN_DIRECT_OBJC_ISA_USAGE = YES_ERROR;
				CLANG_WARN_DOCUMENTATION_COMMENTS = YES;
				CLANG_WARN_EMPTY_BODY = YES;
				CLANG_WARN_ENUM_CONVERSION = YES;
				CLANG_WARN_INFINITE_RECURSION = YES;
				CLANG_WARN_INT_CONVERSION = YES;
				CLANG_WARN_NON_LITERAL_NULL_CONVERSION = YES;
				CLANG_WARN_OBJC_IMPLICIT_RETAIN_SELF = YES;
				CLANG_WARN_OBJC_LITERAL_CONVERSION = YES;
				CLANG_WARN_OBJC_ROOT_CLASS = YES_ERROR;
				CLANG_WARN_QUOTED_INCLUDE_IN_FRAMEWORK_HEADER = YES;
				CLANG_WARN_RANGE_LOOP_ANALYSIS = YES;
				CLANG_WARN_STRICT_PROTOTYPES = YES;
				CLANG_WARN_SUSPICIOUS_MOVE = YES;
				CLANG_WARN_UNGUARDED_AVAILABILITY = YES_AGGRESSIVE;
				CLANG_WARN_UNREACHABLE_CODE = YES;
				CLANG_WARN__DUPLICATE_METHOD_MATCH = YES;
				COPY_PHASE_STRIP = NO;
				DEBUG_INFORMATION_FORMAT = dwarf;
				ENABLE_STRICT_OBJC_MSGSEND = YES;
				ENABLE_TESTABILITY = YES;
				GCC_C_LANGUAGE_STANDARD = gnu11;
				GCC_DYNAMIC_NO_PIC = NO;
				GCC_NO_COMMON_BLOCKS = YES;
				GCC_OPTIMIZATION_LEVEL = 0;
				GCC_PREPROCESSOR_DEFINITIONS = (
					"DEBUG=1",
					"$(inherited)",
				);
				GCC_WARN_64_TO_32_BIT_CONVERSION = YES;
				GCC_WARN_ABOUT_RETURN_TYPE = YES_ERROR;
				GCC_WARN_UNDECLARED_SELECTOR = YES;
				GCC_WARN_UNINITIALIZED_AUTOS = YES_AGGRESSIVE;
				GCC_WARN_UNUSED_FUNCTION = YES;
				GCC_WARN_UNUSED_VARIABLE = YES;
				IPHONEOS_DEPLOYMENT_TARGET = 15.5;
				MTL_ENABLE_DEBUG_INFO = INCLUDE_SOURCE;
				MTL_FAST_MATH = YES;
				ONLY_ACTIVE_ARCH = YES;
				SDKROOT = iphoneos;
				SWIFT_ACTIVE_COMPILATION_CONDITIONS = DEBUG;
				SWIFT_OPTIMIZATION_LEVEL = "-Onone";
			};
			name = Debug;
		};
		2C33B38128D795090095D5CC /* Release */ = {
			isa = XCBuildConfiguration;
			buildSettings = {
				ALWAYS_SEARCH_USER_PATHS = NO;
				CLANG_ANALYZER_NONNULL = YES;
				CLANG_ANALYZER_NUMBER_OBJECT_CONVERSION = YES_AGGRESSIVE;
				CLANG_CXX_LANGUAGE_STANDARD = "gnu++17";
				CLANG_ENABLE_MODULES = YES;
				CLANG_ENABLE_OBJC_ARC = YES;
				CLANG_ENABLE_OBJC_WEAK = YES;
				CLANG_WARN_BLOCK_CAPTURE_AUTORELEASING = YES;
				CLANG_WARN_BOOL_CONVERSION = YES;
				CLANG_WARN_COMMA = YES;
				CLANG_WARN_CONSTANT_CONVERSION = YES;
				CLANG_WARN_DEPRECATED_OBJC_IMPLEMENTATIONS = YES;
				CLANG_WARN_DIRECT_OBJC_ISA_USAGE = YES_ERROR;
				CLANG_WARN_DOCUMENTATION_COMMENTS = YES;
				CLANG_WARN_EMPTY_BODY = YES;
				CLANG_WARN_ENUM_CONVERSION = YES;
				CLANG_WARN_INFINITE_RECURSION = YES;
				CLANG_WARN_INT_CONVERSION = YES;
				CLANG_WARN_NON_LITERAL_NULL_CONVERSION = YES;
				CLANG_WARN_OBJC_IMPLICIT_RETAIN_SELF = YES;
				CLANG_WARN_OBJC_LITERAL_CONVERSION = YES;
				CLANG_WARN_OBJC_ROOT_CLASS = YES_ERROR;
				CLANG_WARN_QUOTED_INCLUDE_IN_FRAMEWORK_HEADER = YES;
				CLANG_WARN_RANGE_LOOP_ANALYSIS = YES;
				CLANG_WARN_STRICT_PROTOTYPES = YES;
				CLANG_WARN_SUSPICIOUS_MOVE = YES;
				CLANG_WARN_UNGUARDED_AVAILABILITY = YES_AGGRESSIVE;
				CLANG_WARN_UNREACHABLE_CODE = YES;
				CLANG_WARN__DUPLICATE_METHOD_MATCH = YES;
				COPY_PHASE_STRIP = NO;
				DEBUG_INFORMATION_FORMAT = "dwarf-with-dsym";
				ENABLE_NS_ASSERTIONS = NO;
				ENABLE_STRICT_OBJC_MSGSEND = YES;
				GCC_C_LANGUAGE_STANDARD = gnu11;
				GCC_NO_COMMON_BLOCKS = YES;
				GCC_WARN_64_TO_32_BIT_CONVERSION = YES;
				GCC_WARN_ABOUT_RETURN_TYPE = YES_ERROR;
				GCC_WARN_UNDECLARED_SELECTOR = YES;
				GCC_WARN_UNINITIALIZED_AUTOS = YES_AGGRESSIVE;
				GCC_WARN_UNUSED_FUNCTION = YES;
				GCC_WARN_UNUSED_VARIABLE = YES;
				IPHONEOS_DEPLOYMENT_TARGET = 15.5;
				MTL_ENABLE_DEBUG_INFO = NO;
				MTL_FAST_MATH = YES;
				SDKROOT = iphoneos;
				SWIFT_COMPILATION_MODE = wholemodule;
				SWIFT_OPTIMIZATION_LEVEL = "-O";
				VALIDATE_PRODUCT = YES;
			};
			name = Release;
		};
		2C33B38328D795090095D5CC /* Debug */ = {
			isa = XCBuildConfiguration;
			buildSettings = {
				ASSETCATALOG_COMPILER_APPICON_NAME = AppIcon;
				ASSETCATALOG_COMPILER_GLOBAL_ACCENT_COLOR_NAME = AccentColor;
				CODE_SIGN_STYLE = Automatic;
				CURRENT_PROJECT_VERSION = 1;
				DEVELOPMENT_TEAM = TN9TG25438;
				GENERATE_INFOPLIST_FILE = YES;
				INFOPLIST_FILE = MenusPart2/Info.plist;
				INFOPLIST_KEY_UIApplicationSupportsIndirectInputEvents = YES;
				INFOPLIST_KEY_UILaunchStoryboardName = LaunchScreen;
				INFOPLIST_KEY_UIMainStoryboardFile = Main;
				INFOPLIST_KEY_UISupportedInterfaceOrientations_iPad = "UIInterfaceOrientationPortrait UIInterfaceOrientationPortraitUpsideDown UIInterfaceOrientationLandscapeLeft UIInterfaceOrientationLandscapeRight";
				INFOPLIST_KEY_UISupportedInterfaceOrientations_iPhone = "UIInterfaceOrientationPortrait UIInterfaceOrientationLandscapeLeft UIInterfaceOrientationLandscapeRight";
				LD_RUNPATH_SEARCH_PATHS = (
					"$(inherited)",
					"@executable_path/Frameworks",
				);
				MARKETING_VERSION = 1.0;
				PRODUCT_BUNDLE_IDENTIFIER = UAG.MenusPart2;
				PRODUCT_NAME = "$(TARGET_NAME)";
				SWIFT_EMIT_LOC_STRINGS = YES;
				SWIFT_VERSION = 5.0;
				TARGETED_DEVICE_FAMILY = "1,2";
			};
			name = Debug;
		};
		2C33B38428D795090095D5CC /* Release */ = {
			isa = XCBuildConfiguration;
			buildSettings = {
				ASSETCATALOG_COMPILER_APPICON_NAME = AppIcon;
				ASSETCATALOG_COMPILER_GLOBAL_ACCENT_COLOR_NAME = AccentColor;
				CODE_SIGN_STYLE = Automatic;
				CURRENT_PROJECT_VERSION = 1;
				DEVELOPMENT_TEAM = TN9TG25438;
				GENERATE_INFOPLIST_FILE = YES;
				INFOPLIST_FILE = MenusPart2/Info.plist;
				INFOPLIST_KEY_UIApplicationSupportsIndirectInputEvents = YES;
				INFOPLIST_KEY_UILaunchStoryboardName = LaunchScreen;
				INFOPLIST_KEY_UIMainStoryboardFile = Main;
				INFOPLIST_KEY_UISupportedInterfaceOrientations_iPad = "UIInterfaceOrientationPortrait UIInterfaceOrientationPortraitUpsideDown UIInterfaceOrientationLandscapeLeft UIInterfaceOrientationLandscapeRight";
				INFOPLIST_KEY_UISupportedInterfaceOrientations_iPhone = "UIInterfaceOrientationPortrait UIInterfaceOrientationLandscapeLeft UIInterfaceOrientationLandscapeRight";
				LD_RUNPATH_SEARCH_PATHS = (
					"$(inherited)",
					"@executable_path/Frameworks",
				);
				MARKETING_VERSION = 1.0;
				PRODUCT_BUNDLE_IDENTIFIER = UAG.MenusPart2;
				PRODUCT_NAME = "$(TARGET_NAME)";
				SWIFT_EMIT_LOC_STRINGS = YES;
				SWIFT_VERSION = 5.0;
				TARGETED_DEVICE_FAMILY = "1,2";
			};
			name = Release;
		};
		2C33B38628D795090095D5CC /* Debug */ = {
			isa = XCBuildConfiguration;
			buildSettings = {
				ALWAYS_EMBED_SWIFT_STANDARD_LIBRARIES = YES;
				BUNDLE_LOADER = "$(TEST_HOST)";
				CODE_SIGN_STYLE = Automatic;
				CURRENT_PROJECT_VERSION = 1;
				DEVELOPMENT_TEAM = TN9TG25438;
				GENERATE_INFOPLIST_FILE = YES;
				IPHONEOS_DEPLOYMENT_TARGET = 15.5;
				MARKETING_VERSION = 1.0;
				PRODUCT_BUNDLE_IDENTIFIER = UAG.MenusPart2Tests;
				PRODUCT_NAME = "$(TARGET_NAME)";
				SWIFT_EMIT_LOC_STRINGS = NO;
				SWIFT_VERSION = 5.0;
				TARGETED_DEVICE_FAMILY = "1,2";
				TEST_HOST = "$(BUILT_PRODUCTS_DIR)/MenusPart2.app/MenusPart2";
			};
			name = Debug;
		};
		2C33B38728D795090095D5CC /* Release */ = {
			isa = XCBuildConfiguration;
			buildSettings = {
				ALWAYS_EMBED_SWIFT_STANDARD_LIBRARIES = YES;
				BUNDLE_LOADER = "$(TEST_HOST)";
				CODE_SIGN_STYLE = Automatic;
				CURRENT_PROJECT_VERSION = 1;
				DEVELOPMENT_TEAM = TN9TG25438;
				GENERATE_INFOPLIST_FILE = YES;
				IPHONEOS_DEPLOYMENT_TARGET = 15.5;
				MARKETING_VERSION = 1.0;
				PRODUCT_BUNDLE_IDENTIFIER = UAG.MenusPart2Tests;
				PRODUCT_NAME = "$(TARGET_NAME)";
				SWIFT_EMIT_LOC_STRINGS = NO;
				SWIFT_VERSION = 5.0;
				TARGETED_DEVICE_FAMILY = "1,2";
				TEST_HOST = "$(BUILT_PRODUCTS_DIR)/MenusPart2.app/MenusPart2";
			};
			name = Release;
		};
		2C33B38928D795090095D5CC /* Debug */ = {
			isa = XCBuildConfiguration;
			buildSettings = {
				ALWAYS_EMBED_SWIFT_STANDARD_LIBRARIES = YES;
				CODE_SIGN_STYLE = Automatic;
				CURRENT_PROJECT_VERSION = 1;
				DEVELOPMENT_TEAM = TN9TG25438;
				GENERATE_INFOPLIST_FILE = YES;
				MARKETING_VERSION = 1.0;
				PRODUCT_BUNDLE_IDENTIFIER = UAG.MenusPart2UITests;
				PRODUCT_NAME = "$(TARGET_NAME)";
				SWIFT_EMIT_LOC_STRINGS = NO;
				SWIFT_VERSION = 5.0;
				TARGETED_DEVICE_FAMILY = "1,2";
				TEST_TARGET_NAME = MenusPart2;
			};
			name = Debug;
		};
		2C33B38A28D795090095D5CC /* Release */ = {
			isa = XCBuildConfiguration;
			buildSettings = {
				ALWAYS_EMBED_SWIFT_STANDARD_LIBRARIES = YES;
				CODE_SIGN_STYLE = Automatic;
				CURRENT_PROJECT_VERSION = 1;
				DEVELOPMENT_TEAM = TN9TG25438;
				GENERATE_INFOPLIST_FILE = YES;
				MARKETING_VERSION = 1.0;
				PRODUCT_BUNDLE_IDENTIFIER = UAG.MenusPart2UITests;
				PRODUCT_NAME = "$(TARGET_NAME)";
				SWIFT_EMIT_LOC_STRINGS = NO;
				SWIFT_VERSION = 5.0;
				TARGETED_DEVICE_FAMILY = "1,2";
				TEST_TARGET_NAME = MenusPart2;
			};
			name = Release;
		};
/* End XCBuildConfiguration section */

/* Begin XCConfigurationList section */
		2C33B35328D795070095D5CC /* Build configuration list for PBXProject "MenusPart2" */ = {
			isa = XCConfigurationList;
			buildConfigurations = (
				2C33B38028D795090095D5CC /* Debug */,
				2C33B38128D795090095D5CC /* Release */,
			);
			defaultConfigurationIsVisible = 0;
			defaultConfigurationName = Release;
		};
		2C33B38228D795090095D5CC /* Build configuration list for PBXNativeTarget "MenusPart2" */ = {
			isa = XCConfigurationList;
			buildConfigurations = (
				2C33B38328D795090095D5CC /* Debug */,
				2C33B38428D795090095D5CC /* Release */,
			);
			defaultConfigurationIsVisible = 0;
			defaultConfigurationName = Release;
		};
		2C33B38528D795090095D5CC /* Build configuration list for PBXNativeTarget "MenusPart2Tests" */ = {
			isa = XCConfigurationList;
			buildConfigurations = (
				2C33B38628D795090095D5CC /* Debug */,
				2C33B38728D795090095D5CC /* Release */,
			);
			defaultConfigurationIsVisible = 0;
			defaultConfigurationName = Release;
		};
		2C33B38828D795090095D5CC /* Build configuration list for PBXNativeTarget "MenusPart2UITests" */ = {
			isa = XCConfigurationList;
			buildConfigurations = (
				2C33B38928D795090095D5CC /* Debug */,
				2C33B38A28D795090095D5CC /* Release */,
			);
			defaultConfigurationIsVisible = 0;
			defaultConfigurationName = Release;
		};
/* End XCConfigurationList section */
	};
	rootObject = 2C33B35028D795070095D5CC /* Project object */;
}
